{
  "name": "invoice-center",
  "version": "1.0.0",
  "lockfileVersion": 1,
  "requires": true,
  "dependencies": {
    "asap": {
      "version": "https://registry.npmjs.org/asap/-/asap-2.0.6.tgz",
      "integrity": "sha1-5QNHYR1+aQlDIIu9r+vLwvuGbUY="
    },
    "classnames": {
      "version": "2.2.5",
      "resolved": "https://registry.npmjs.org/classnames/-/classnames-2.2.5.tgz",
      "integrity": "sha1-+zgB1FNGdknvNgPH1hoCvRKb3m0="
    },
    "core-js": {
      "version": "https://registry.npmjs.org/core-js/-/core-js-1.2.7.tgz",
      "integrity": "sha1-ZSKUwUZR2yj6k70tX/KYOk8IxjY="
    },
    "create-react-class": {
      "version": "https://registry.npmjs.org/create-react-class/-/create-react-class-15.6.0.tgz",
      "integrity": "sha1-q0SEl8JlZuHilBPogyB9V8/nvtQ=",
      "requires": {
        "fbjs": "https://registry.npmjs.org/fbjs/-/fbjs-0.8.14.tgz",
        "loose-envify": "https://registry.npmjs.org/loose-envify/-/loose-envify-1.3.1.tgz",
        "object-assign": "https://registry.npmjs.org/object-assign/-/object-assign-4.1.1.tgz"
      },
      "dependencies": {
        "object-assign": {
          "version": "https://registry.npmjs.org/object-assign/-/object-assign-4.1.1.tgz",
          "integrity": "sha1-IQmtx5ZYh8/AXLvUQsrIv7s2CGM="
        }
      }
    },
    "encoding": {
      "version": "https://registry.npmjs.org/encoding/-/encoding-0.1.12.tgz",
      "integrity": "sha1-U4tm8+5izRq1HsMjgp0flIDHS+s=",
      "requires": {
        "iconv-lite": "https://registry.npmjs.org/iconv-lite/-/iconv-lite-0.4.18.tgz"
      }
    },
    "fbjs": {
      "version": "https://registry.npmjs.org/fbjs/-/fbjs-0.8.14.tgz",
      "integrity": "sha1-0dviviVMNakeCfMfnNUKQLKg7Rw=",
      "requires": {
        "core-js": "https://registry.npmjs.org/core-js/-/core-js-1.2.7.tgz",
        "isomorphic-fetch": "https://registry.npmjs.org/isomorphic-fetch/-/isomorphic-fetch-2.2.1.tgz",
        "loose-envify": "https://registry.npmjs.org/loose-envify/-/loose-envify-1.3.1.tgz",
        "object-assign": "https://registry.npmjs.org/object-assign/-/object-assign-4.1.1.tgz",
        "promise": "https://registry.npmjs.org/promise/-/promise-7.3.1.tgz",
        "setimmediate": "https://registry.npmjs.org/setimmediate/-/setimmediate-1.0.5.tgz",
        "ua-parser-js": "https://registry.npmjs.org/ua-parser-js/-/ua-parser-js-0.7.14.tgz"
      },
      "dependencies": {
        "object-assign": {
          "version": "https://registry.npmjs.org/object-assign/-/object-assign-4.1.1.tgz",
          "integrity": "sha1-IQmtx5ZYh8/AXLvUQsrIv7s2CGM="
        }
      }
    },
    "iconv-lite": {
      "version": "https://registry.npmjs.org/iconv-lite/-/iconv-lite-0.4.18.tgz",
      "integrity": "sha1-I9hlaxaq5nQqwpcy6o8DNqR4nPI="
    },
    "is-equal-shallow": {
      "version": "0.1.3",
      "resolved": "https://registry.npmjs.org/is-equal-shallow/-/is-equal-shallow-0.1.3.tgz",
      "integrity": "sha1-IjgJj8Ih3gvPpdnqxMRdY4qhxTQ=",
      "requires": {
        "is-primitive": "2.0.0"
      }
    },
    "is-primitive": {
      "version": "2.0.0",
      "resolved": "https://registry.npmjs.org/is-primitive/-/is-primitive-2.0.0.tgz",
      "integrity": "sha1-IHurkWOEmcB7Kt8kCkGochADRXU="
    },
    "is-stream": {
      "version": "https://registry.npmjs.org/is-stream/-/is-stream-1.1.0.tgz",
      "integrity": "sha1-EtSj3U5o4Lec6428hBc66A2RykQ="
    },
    "isomorphic-fetch": {
      "version": "https://registry.npmjs.org/isomorphic-fetch/-/isomorphic-fetch-2.2.1.tgz",
      "integrity": "sha1-YRrhrPFPXoH3KVB0coGf6XM1WKk=",
      "requires": {
        "node-fetch": "https://registry.npmjs.org/node-fetch/-/node-fetch-1.7.1.tgz",
        "whatwg-fetch": "https://registry.npmjs.org/whatwg-fetch/-/whatwg-fetch-2.0.3.tgz"
      }
    },
    "jquery": {
      "version": "3.2.1",
      "resolved": "https://registry.npmjs.org/jquery/-/jquery-3.2.1.tgz",
      "integrity": "sha1-XE2d5lKvbNCncBVKYxu6ErAVx4c="
    },
    "js-tokens": {
      "version": "https://registry.npmjs.org/js-tokens/-/js-tokens-3.0.2.tgz",
      "integrity": "sha1-mGbfOVECEw449/mWvOtlRDIJwls="
    },
    "loose-envify": {
      "version": "https://registry.npmjs.org/loose-envify/-/loose-envify-1.3.1.tgz",
      "integrity": "sha1-0aitM/qc4OcT1l/dCsi3SNR4yEg=",
      "requires": {
        "js-tokens": "https://registry.npmjs.org/js-tokens/-/js-tokens-3.0.2.tgz"
      }
    },
    "moment": {
      "version": "2.18.1",
      "resolved": "https://registry.npmjs.org/moment/-/moment-2.18.1.tgz",
      "integrity": "sha1-w2GT3Tzhwu7SrbfIAtu8d6gbHA8="
    },
    "node-fetch": {
      "version": "https://registry.npmjs.org/node-fetch/-/node-fetch-1.7.1.tgz",
      "integrity": "sha1-iZyz0KPJL5UsR/G4dvTIrqvUANU=",
      "requires": {
        "encoding": "https://registry.npmjs.org/encoding/-/encoding-0.1.12.tgz",
        "is-stream": "https://registry.npmjs.org/is-stream/-/is-stream-1.1.0.tgz"
      }
    },
    "object-assign": {
      "version": "4.1.1",
      "resolved": "https://registry.npmjs.org/object-assign/-/object-assign-4.1.1.tgz",
      "integrity": "sha1-IQmtx5ZYh8/AXLvUQsrIv7s2CGM="
    },
    "popper.js": {
      "version": "1.11.1",
      "resolved": "https://registry.npmjs.org/popper.js/-/popper.js-1.11.1.tgz",
      "integrity": "sha1-9ayppzvKHOH9vZvosbpoZ3y92OA="
    },
    "promise": {
      "version": "https://registry.npmjs.org/promise/-/promise-7.3.1.tgz",
      "integrity": "sha1-BktyYCsY+Q8pGSuLG8QY/9Hr078=",
      "requires": {
        "asap": "https://registry.npmjs.org/asap/-/asap-2.0.6.tgz"
      }
    },
    "prop-types": {
      "version": "https://registry.npmjs.org/prop-types/-/prop-types-15.5.10.tgz",
      "integrity": "sha1-J5ffwxJhguOpXj37suiT3ddFYVQ=",
      "requires": {
        "fbjs": "https://registry.npmjs.org/fbjs/-/fbjs-0.8.14.tgz",
        "loose-envify": "https://registry.npmjs.org/loose-envify/-/loose-envify-1.3.1.tgz"
      }
    },
    "qr.js": {
      "version": "0.0.0",
      "resolved": "https://registry.npmjs.org/qr.js/-/qr.js-0.0.0.tgz",
      "integrity": "sha1-ys6GOG9ZoNuAUPqQ2baw6IoeNk8="
    },
    "qrcode.react": {
      "version": "0.7.1",
      "resolved": "https://registry.npmjs.org/qrcode.react/-/qrcode.react-0.7.1.tgz",
      "integrity": "sha1-b8UBfxcCUEiRkRVYHaXjdbCUZ0I=",
      "requires": {
        "prop-types": "https://registry.npmjs.org/prop-types/-/prop-types-15.5.10.tgz",
        "qr.js": "0.0.0"
      }
    },
    "raf": {
      "version": "3.3.2",
      "resolved": "https://registry.npmjs.org/raf/-/raf-3.3.2.tgz",
      "integrity": "sha1-DBO+C1tJtG921maSSNUnzysC/ic=",
      "requires": {
        "performance-now": "2.1.0"
      },
      "dependencies": {
        "performance-now": {
          "version": "2.1.0",
          "resolved": "https://registry.npmjs.org/performance-now/-/performance-now-2.1.0.tgz",
          "integrity": "sha1-Ywn04OX6kT7BxpMHrjZLSzd8nns="
        }
      }
    },
    "react": {
      "version": "15.6.1",
      "resolved": "https://registry.npmjs.org/react/-/react-15.6.1.tgz",
      "integrity": "sha1-uqhDTsZ4C96ZfNw4C3nNM7ljk98=",
      "requires": {
        "create-react-class": "https://registry.npmjs.org/create-react-class/-/create-react-class-15.6.0.tgz",
        "fbjs": "https://registry.npmjs.org/fbjs/-/fbjs-0.8.14.tgz",
        "loose-envify": "https://registry.npmjs.org/loose-envify/-/loose-envify-1.3.1.tgz",
        "object-assign": "4.1.1",
        "prop-types": "https://registry.npmjs.org/prop-types/-/prop-types-15.5.10.tgz"
      }
    },
    "react-animated-number": {
      "version": "0.4.3",
      "resolved": "https://registry.npmjs.org/react-animated-number/-/react-animated-number-0.4.3.tgz",
      "integrity": "sha1-Uk9Nd9qb6Hua8Q4ZoMOHx2IPFUo=",
      "requires": {
        "prop-types": "https://registry.npmjs.org/prop-types/-/prop-types-15.5.10.tgz",
        "raf": "3.3.2"
      }
    },
    "react-datepicker": {
      "version": "0.52.0",
      "resolved": "https://registry.npmjs.org/react-datepicker/-/react-datepicker-0.52.0.tgz",
      "integrity": "sha1-GWMoexPwpPURTEQc2gOmNoGf4Ok=",
      "requires": {
        "classnames": "2.2.5",
        "moment": "2.18.1",
        "prop-types": "https://registry.npmjs.org/prop-types/-/prop-types-15.5.10.tgz",
        "react-onclickoutside": "6.4.0",
        "react-popper": "0.7.2"
      }
    },
    "react-dom": {
      "version": "15.6.1",
      "resolved": "https://registry.npmjs.org/react-dom/-/react-dom-15.6.1.tgz",
      "integrity": "sha1-LLDtQZEDjlPCCes6eaI+Kkz5lHA=",
      "requires": {
        "fbjs": "https://registry.npmjs.org/fbjs/-/fbjs-0.8.14.tgz",
        "loose-envify": "https://registry.npmjs.org/loose-envify/-/loose-envify-1.3.1.tgz",
        "object-assign": "4.1.1",
        "prop-types": "https://registry.npmjs.org/prop-types/-/prop-types-15.5.10.tgz"
      }
    },
    "react-input-autosize": {
      "version": "1.1.4",
      "resolved": "https://registry.npmjs.org/react-input-autosize/-/react-input-autosize-1.1.4.tgz",
      "integrity": "sha1-y8RQctQITdxXgG2447NOZEuDZqw=",
      "requires": {
        "create-react-class": "https://registry.npmjs.org/create-react-class/-/create-react-class-15.6.0.tgz",
        "prop-types": "https://registry.npmjs.org/prop-types/-/prop-types-15.5.10.tgz"
      }
    },
    "react-onclickoutside": {
      "version": "6.4.0",
      "resolved": "https://registry.npmjs.org/react-onclickoutside/-/react-onclickoutside-6.4.0.tgz",
      "integrity": "sha1-91UjBzBQeb+xEXg/QIkoq+ckih4="
    },
    "react-popper": {
      "version": "0.7.2",
      "resolved": "https://registry.npmjs.org/react-popper/-/react-popper-0.7.2.tgz",
      "integrity": "sha1-XaqCHq3G8sqAIXbXvicdDwPyX1g=",
      "requires": {
        "is-equal-shallow": "0.1.3",
        "popper.js": "1.11.1",
        "prop-types": "https://registry.npmjs.org/prop-types/-/prop-types-15.5.10.tgz"
      }
    },
    "react-select": {
      "version": "1.0.0-rc.5",
      "resolved": "https://registry.npmjs.org/react-select/-/react-select-1.0.0-rc.5.tgz",
      "integrity": "sha1-nTFvJSsa3Dct21zfHxGca3z9tdY=",
      "requires": {
        "classnames": "2.2.5",
        "create-react-class": "https://registry.npmjs.org/create-react-class/-/create-react-class-15.6.0.tgz",
        "prop-types": "https://registry.npmjs.org/prop-types/-/prop-types-15.5.10.tgz",
        "react-input-autosize": "1.1.4"
      }
    },
    "setimmediate": {
      "version": "https://registry.npmjs.org/setimmediate/-/setimmediate-1.0.5.tgz",
      "integrity": "sha1-KQy7Iy4waULX1+qbg3Mqt4VvgoU="
    },
    "ua-parser-js": {
      "version": "https://registry.npmjs.org/ua-parser-js/-/ua-parser-js-0.7.14.tgz",
      "integrity": "sha1-EQ1T+kw/MmwSEpK76skE0uAzh8o="
    },
    "whatwg-fetch": {
      "version": "https://registry.npmjs.org/whatwg-fetch/-/whatwg-fetch-2.0.3.tgz",
      "integrity": "sha1-nITsLc9oGH/wC8ZOEnS0QhduHIQ="
    }
  }
}
